
Microsoft Visual Studio Solution File, Format Version 12.00
# Visual Studio Version 16
VisualStudioVersion = 16.0.31729.503
MinimumVisualStudioVersion = 10.0.40219.1
Project("{FAE04EC0-301F-11D3-BF4B-00C04F79EFBC}") = "Exam_Project_2", "Exam_Project_2.csproj", "{EB3DFE40-91C2-4497-8398-06A1C0650EDA}"
EndProject
Global
	GlobalSection(SolutionConfigurationPlatforms) = preSolution
		Debug|Any CPU = Debug|Any CPU
		Release|Any CPU = Release|Any CPU
	EndGlobalSection
	GlobalSection(ProjectConfigurationPlatforms) = postSolution
		{EB3DFE40-91C2-4497-8398-06A1C0650EDA}.Debug|Any CPU.ActiveCfg = Debug|Any CPU
		{EB3DFE40-91C2-4497-8398-06A1C0650EDA}.Debug|Any CPU.Build.0 = Debug|Any CPU
		{EB3DFE40-91C2-4497-8398-06A1C0650EDA}.Release|Any CPU.ActiveCfg = Release|Any CPU
		{EB3DFE40-91C2-4497-8398-06A1C0650EDA}.Release|Any CPU.Build.0 = Release|Any CPU
	EndGlobalSection
	GlobalSection(SolutionProperties) = preSolution
		HideSolutionNode = FALSE
	EndGlobalSection
	GlobalSection(ExtensibilityGlobals) = postSolution
		SolutionGuid = {080F5C14-7C2A-4A90-A50D-AB9D1398D4D6}
	EndGlobalSection
EndGlobal
